
Microsoft Visual Studio Solution File, Format Version 12.00
# Visual Studio Version 17
VisualStudioVersion = 17.0.31903.59
MinimumVisualStudioVersion = 10.0.40219.1
Project("{FAE04EC0-301F-11D3-BF4B-00C04F79EFBC}") = "Calculadora", "Calculadora\Calculadora.csproj", "{981F46D2-23E9-4533-82F6-8F1840C216E7}"
EndProject
Project("{FAE04EC0-301F-11D3-BF4B-00C04F79EFBC}") = "Calculadora.Testes", "Calculadora.Testes\Calculadora.Testes.csproj", "{41F2727E-0558-46D9-9400-2BF4CAEC3832}"
EndProject
Global
	GlobalSection(SolutionConfigurationPlatforms) = preSolution
		Debug|Any CPU = Debug|Any CPU
		Release|Any CPU = Release|Any CPU
	EndGlobalSection
	GlobalSection(SolutionProperties) = preSolution
		HideSolutionNode = FALSE
	EndGlobalSection
	GlobalSection(ProjectConfigurationPlatforms) = postSolution
		{981F46D2-23E9-4533-82F6-8F1840C216E7}.Debug|Any CPU.ActiveCfg = Debug|Any CPU
		{981F46D2-23E9-4533-82F6-8F1840C216E7}.Debug|Any CPU.Build.0 = Debug|Any CPU
		{981F46D2-23E9-4533-82F6-8F1840C216E7}.Release|Any CPU.ActiveCfg = Release|Any CPU
		{981F46D2-23E9-4533-82F6-8F1840C216E7}.Release|Any CPU.Build.0 = Release|Any CPU
		{41F2727E-0558-46D9-9400-2BF4CAEC3832}.Debug|Any CPU.ActiveCfg = Debug|Any CPU
		{41F2727E-0558-46D9-9400-2BF4CAEC3832}.Debug|Any CPU.Build.0 = Debug|Any CPU
		{41F2727E-0558-46D9-9400-2BF4CAEC3832}.Release|Any CPU.ActiveCfg = Release|Any CPU
		{41F2727E-0558-46D9-9400-2BF4CAEC3832}.Release|Any CPU.Build.0 = Release|Any CPU
	EndGlobalSection
EndGlobal
